<?xml version="1.0" encoding="utf-8"?>
<Project ToolsVersion="4.0" xmlns="http://schemas.microsoft.com/developer/msbuild/2003">
  <ItemGroup>
    <Filter Include="Source Files">
      <UniqueIdentifier>{4FC737F1-C7A5-4376-A066-2A32D752A2FF}</UniqueIdentifier>
      <Extensions>cpp;c;cc;cxx;def;odl;idl;hpj;bat;asm;asmx</Extensions>
    </Filter>
    <Filter Include="Header Files">
      <UniqueIdentifier>{93995380-89BD-4b04-88EB-625FBE52EBFB}</UniqueIdentifier>
      <Extensions>h;hh;hpp;hxx;hm;inl;inc;xsd</Extensions>
    </Filter>
    <Filter Include="Resource Files">
      <UniqueIdentifier>{67DA6AB6-F800-4c08-8B7A-83BB121AAD01}</UniqueIdentifier>
      <Extensions>rc;ico;cur;bmp;dlg;rc2;rct;bin;rgs;gif;jpg;jpeg;jpe;resx;tiff;tif;png;wav;mfcribbon-ms</Extensions>
    </Filter>
    <Filter Include="Header Files\Core">
      <UniqueIdentifier>{ac92d1a0-8037-4a74-a887-f4faefcf7c36}</UniqueIdentifier>
    </Filter>
    <Filter Include="Header Files\Targeting">
      <UniqueIdentifier>{6c74664a-bf64-461d-bf8a-6acac1f2d4d2}</UniqueIdentifier>
    </Filter>
    <Filter Include="Source Files\Core">
      <UniqueIdentifier>{1d779c7f-c45b-45a6-9e9f-60a4c17d7b35}</UniqueIdentifier>
    </Filter>
    <Filter Include="Source Files\Targeting">
      <UniqueIdentifier>{43d19ca5-d364-4714-91b7-2ab1918adc88}</UniqueIdentifier>
    </Filter>
  </ItemGroup>
  <ItemGroup>
    <ClCompile Include="TargetChannel.cpp">
      <Filter>Source Files\Targeting</Filter>
    </ClCompile>
    <ClCompile Include="Skill.cpp">
      <Filter>Source Files\Core</Filter>
    </ClCompile>
    <ClCompile Include="SkillUser.cpp">
      <Filter>Source Files\Core</Filter>
    </ClCompile>
    <ClCompile Include="Taggable.cpp">
      <Filter>Source Files\Core</Filter>
    </ClCompile>
  </ItemGroup>
  <ItemGroup>
    <ClInclude Include="Targetable.h">
      <Filter>Header Files\Targeting</Filter>
    </ClInclude>
    <ClInclude Include="TargetChannel.h">
      <Filter>Header Files\Targeting</Filter>
    </ClInclude>
    <ClInclude Include="Targeter.h">
      <Filter>Header Files\Targeting</Filter>
    </ClInclude>
    <ClInclude Include="TargetingInterfaces.h">
      <Filter>Header Files\Targeting</Filter>
    </ClInclude>
    <ClInclude Include="Skill.h">
      <Filter>Header Files\Core</Filter>
    </ClInclude>
    <ClInclude Include="SkillInterface.h">
      <Filter>Header Files\Core</Filter>
    </ClInclude>
    <ClInclude Include="SkillUser.h">
      <Filter>Header Files\Core</Filter>
    </ClInclude>
    <ClInclude Include="Taggable.h">
      <Filter>Header Files\Core</Filter>
    </ClInclude>
  </ItemGroup>
</Project>